
Microsoft Visual Studio Solution File, Format Version 12.00
# Visual Studio Version 17
VisualStudioVersion = 17.10.35027.167
MinimumVisualStudioVersion = 10.0.40219.1
Project("{FAE04EC0-301F-11D3-BF4B-00C04F79EFBC}") = "SessionMvc", "SessionMvc\SessionMvc.csproj", "{2256344D-82BB-49AC-A382-EF62B3AA7842}"
EndProject
Global
	GlobalSection(SolutionConfigurationPlatforms) = preSolution
		Debug|Any CPU = Debug|Any CPU
		Release|Any CPU = Release|Any CPU
	EndGlobalSection
	GlobalSection(ProjectConfigurationPlatforms) = postSolution
		{2256344D-82BB-49AC-A382-EF62B3AA7842}.Debug|Any CPU.ActiveCfg = Debug|Any CPU
		{2256344D-82BB-49AC-A382-EF62B3AA7842}.Debug|Any CPU.Build.0 = Debug|Any CPU
		{2256344D-82BB-49AC-A382-EF62B3AA7842}.Release|Any CPU.ActiveCfg = Release|Any CPU
		{2256344D-82BB-49AC-A382-EF62B3AA7842}.Release|Any CPU.Build.0 = Release|Any CPU
	EndGlobalSection
	GlobalSection(SolutionProperties) = preSolution
		HideSolutionNode = FALSE
	EndGlobalSection
	GlobalSection(ExtensibilityGlobals) = postSolution
		SolutionGuid = {E5D7E46A-CD2E-4930-9809-9A2097FBBACD}
	EndGlobalSection
EndGlobal
